
Microsoft Visual Studio Solution File, Format Version 12.00
# Visual Studio 15
VisualStudioVersion = 15.0.26124.0
MinimumVisualStudioVersion = 15.0.26124.0
Project("{9A19103F-16F7-4668-BE54-9A1E7A4F7556}") = "ExpressionToSQL.common", "ExpressionToSQL.common\ExpressionToSQL.common.csproj", "{5A359E0C-F752-4A0B-A00F-446CC7AC03FB}"
EndProject
Project("{2150E333-8FDC-42A3-9474-1A3956D46DE8}") = "src", "src", "{C836FD18-BEC5-4621-B14B-EFBA2BD504C0}"
EndProject
Project("{2150E333-8FDC-42A3-9474-1A3956D46DE8}") = "test", "test", "{FCF4D4B5-B997-498D-A51E-341C96C2208F}"
EndProject
Project("{9A19103F-16F7-4668-BE54-9A1E7A4F7556}") = "ExpresionToSql.util.test", "ExpresionToSql.common.test\ExpresionToSql.util.test.csproj", "{3FCFED17-86C4-4567-8BBB-F5FCA05F2A51}"
EndProject
Project("{9A19103F-16F7-4668-BE54-9A1E7A4F7556}") = "ExpressionToSql.util", "ExpressionToSql.util\ExpressionToSql.util.csproj", "{E869A03D-CBC4-4FE7-9CB0-BEC80ECA75E7}"
EndProject
Project("{9A19103F-16F7-4668-BE54-9A1E7A4F7556}") = "ExpressionToSql", "ExpressionToSql\ExpressionToSql.csproj", "{8D540E5D-13DE-45B9-AB2F-8E5159A08103}"
EndProject
Project("{9A19103F-16F7-4668-BE54-9A1E7A4F7556}") = "ExpressionToSql.unit.test", "ExpressionToSql.unit.test\ExpressionToSql.unit.test.csproj", "{072417B4-2F00-4B1A-A110-5F2AA87D9ED2}"
EndProject
Project("{9A19103F-16F7-4668-BE54-9A1E7A4F7556}") = "ExpressionToSql.common.test", "ExpressionToSql.common.test\ExpressionToSql.common.test.csproj", "{DA74BE88-C835-4015-A12E-F7908E475452}"
EndProject
Project("{9A19103F-16F7-4668-BE54-9A1E7A4F7556}") = "ExpressionToSql.sql.test", "ExpressionToSql.sql.test\ExpressionToSql.sql.test.csproj", "{BDA84BE4-C6D9-4D2B-BF05-7BB47C4175D1}"
EndProject
Project("{2150E333-8FDC-42A3-9474-1A3956D46DE8}") = "Solution Items", "Solution Items", "{B7884D55-5C96-49FF-8EBB-D06E6E85EFFC}"
	ProjectSection(SolutionItems) = preProject
		readme.md = readme.md
	EndProjectSection
EndProject
Global
	GlobalSection(SolutionConfigurationPlatforms) = preSolution
		Debug|Any CPU = Debug|Any CPU
		Debug|x64 = Debug|x64
		Debug|x86 = Debug|x86
		Release|Any CPU = Release|Any CPU
		Release|x64 = Release|x64
		Release|x86 = Release|x86
	EndGlobalSection
	GlobalSection(ProjectConfigurationPlatforms) = postSolution
		{5A359E0C-F752-4A0B-A00F-446CC7AC03FB}.Debug|Any CPU.ActiveCfg = Debug|Any CPU
		{5A359E0C-F752-4A0B-A00F-446CC7AC03FB}.Debug|Any CPU.Build.0 = Debug|Any CPU
		{5A359E0C-F752-4A0B-A00F-446CC7AC03FB}.Debug|x64.ActiveCfg = Debug|Any CPU
		{5A359E0C-F752-4A0B-A00F-446CC7AC03FB}.Debug|x64.Build.0 = Debug|Any CPU
		{5A359E0C-F752-4A0B-A00F-446CC7AC03FB}.Debug|x86.ActiveCfg = Debug|Any CPU
		{5A359E0C-F752-4A0B-A00F-446CC7AC03FB}.Debug|x86.Build.0 = Debug|Any CPU
		{5A359E0C-F752-4A0B-A00F-446CC7AC03FB}.Release|Any CPU.ActiveCfg = Release|Any CPU
		{5A359E0C-F752-4A0B-A00F-446CC7AC03FB}.Release|Any CPU.Build.0 = Release|Any CPU
		{5A359E0C-F752-4A0B-A00F-446CC7AC03FB}.Release|x64.ActiveCfg = Release|Any CPU
		{5A359E0C-F752-4A0B-A00F-446CC7AC03FB}.Release|x64.Build.0 = Release|Any CPU
		{5A359E0C-F752-4A0B-A00F-446CC7AC03FB}.Release|x86.ActiveCfg = Release|Any CPU
		{5A359E0C-F752-4A0B-A00F-446CC7AC03FB}.Release|x86.Build.0 = Release|Any CPU
		{3FCFED17-86C4-4567-8BBB-F5FCA05F2A51}.Debug|Any CPU.ActiveCfg = Debug|Any CPU
		{3FCFED17-86C4-4567-8BBB-F5FCA05F2A51}.Debug|Any CPU.Build.0 = Debug|Any CPU
		{3FCFED17-86C4-4567-8BBB-F5FCA05F2A51}.Debug|x64.ActiveCfg = Debug|Any CPU
		{3FCFED17-86C4-4567-8BBB-F5FCA05F2A51}.Debug|x64.Build.0 = Debug|Any CPU
		{3FCFED17-86C4-4567-8BBB-F5FCA05F2A51}.Debug|x86.ActiveCfg = Debug|Any CPU
		{3FCFED17-86C4-4567-8BBB-F5FCA05F2A51}.Debug|x86.Build.0 = Debug|Any CPU
		{3FCFED17-86C4-4567-8BBB-F5FCA05F2A51}.Release|Any CPU.ActiveCfg = Release|Any CPU
		{3FCFED17-86C4-4567-8BBB-F5FCA05F2A51}.Release|Any CPU.Build.0 = Release|Any CPU
		{3FCFED17-86C4-4567-8BBB-F5FCA05F2A51}.Release|x64.ActiveCfg = Release|Any CPU
		{3FCFED17-86C4-4567-8BBB-F5FCA05F2A51}.Release|x64.Build.0 = Release|Any CPU
		{3FCFED17-86C4-4567-8BBB-F5FCA05F2A51}.Release|x86.ActiveCfg = Release|Any CPU
		{3FCFED17-86C4-4567-8BBB-F5FCA05F2A51}.Release|x86.Build.0 = Release|Any CPU
		{E869A03D-CBC4-4FE7-9CB0-BEC80ECA75E7}.Debug|Any CPU.ActiveCfg = Debug|Any CPU
		{E869A03D-CBC4-4FE7-9CB0-BEC80ECA75E7}.Debug|Any CPU.Build.0 = Debug|Any CPU
		{E869A03D-CBC4-4FE7-9CB0-BEC80ECA75E7}.Debug|x64.ActiveCfg = Debug|Any CPU
		{E869A03D-CBC4-4FE7-9CB0-BEC80ECA75E7}.Debug|x64.Build.0 = Debug|Any CPU
		{E869A03D-CBC4-4FE7-9CB0-BEC80ECA75E7}.Debug|x86.ActiveCfg = Debug|Any CPU
		{E869A03D-CBC4-4FE7-9CB0-BEC80ECA75E7}.Debug|x86.Build.0 = Debug|Any CPU
		{E869A03D-CBC4-4FE7-9CB0-BEC80ECA75E7}.Release|Any CPU.ActiveCfg = Release|Any CPU
		{E869A03D-CBC4-4FE7-9CB0-BEC80ECA75E7}.Release|Any CPU.Build.0 = Release|Any CPU
		{E869A03D-CBC4-4FE7-9CB0-BEC80ECA75E7}.Release|x64.ActiveCfg = Release|Any CPU
		{E869A03D-CBC4-4FE7-9CB0-BEC80ECA75E7}.Release|x64.Build.0 = Release|Any CPU
		{E869A03D-CBC4-4FE7-9CB0-BEC80ECA75E7}.Release|x86.ActiveCfg = Release|Any CPU
		{E869A03D-CBC4-4FE7-9CB0-BEC80ECA75E7}.Release|x86.Build.0 = Release|Any CPU
		{8D540E5D-13DE-45B9-AB2F-8E5159A08103}.Debug|Any CPU.ActiveCfg = Debug|Any CPU
		{8D540E5D-13DE-45B9-AB2F-8E5159A08103}.Debug|Any CPU.Build.0 = Debug|Any CPU
		{8D540E5D-13DE-45B9-AB2F-8E5159A08103}.Debug|x64.ActiveCfg = Debug|Any CPU
		{8D540E5D-13DE-45B9-AB2F-8E5159A08103}.Debug|x64.Build.0 = Debug|Any CPU
		{8D540E5D-13DE-45B9-AB2F-8E5159A08103}.Debug|x86.ActiveCfg = Debug|Any CPU
		{8D540E5D-13DE-45B9-AB2F-8E5159A08103}.Debug|x86.Build.0 = Debug|Any CPU
		{8D540E5D-13DE-45B9-AB2F-8E5159A08103}.Release|Any CPU.ActiveCfg = Release|Any CPU
		{8D540E5D-13DE-45B9-AB2F-8E5159A08103}.Release|Any CPU.Build.0 = Release|Any CPU
		{8D540E5D-13DE-45B9-AB2F-8E5159A08103}.Release|x64.ActiveCfg = Release|Any CPU
		{8D540E5D-13DE-45B9-AB2F-8E5159A08103}.Release|x64.Build.0 = Release|Any CPU
		{8D540E5D-13DE-45B9-AB2F-8E5159A08103}.Release|x86.ActiveCfg = Release|Any CPU
		{8D540E5D-13DE-45B9-AB2F-8E5159A08103}.Release|x86.Build.0 = Release|Any CPU
		{072417B4-2F00-4B1A-A110-5F2AA87D9ED2}.Debug|Any CPU.ActiveCfg = Debug|Any CPU
		{072417B4-2F00-4B1A-A110-5F2AA87D9ED2}.Debug|Any CPU.Build.0 = Debug|Any CPU
		{072417B4-2F00-4B1A-A110-5F2AA87D9ED2}.Debug|x64.ActiveCfg = Debug|Any CPU
		{072417B4-2F00-4B1A-A110-5F2AA87D9ED2}.Debug|x64.Build.0 = Debug|Any CPU
		{072417B4-2F00-4B1A-A110-5F2AA87D9ED2}.Debug|x86.ActiveCfg = Debug|Any CPU
		{072417B4-2F00-4B1A-A110-5F2AA87D9ED2}.Debug|x86.Build.0 = Debug|Any CPU
		{072417B4-2F00-4B1A-A110-5F2AA87D9ED2}.Release|Any CPU.ActiveCfg = Release|Any CPU
		{072417B4-2F00-4B1A-A110-5F2AA87D9ED2}.Release|Any CPU.Build.0 = Release|Any CPU
		{072417B4-2F00-4B1A-A110-5F2AA87D9ED2}.Release|x64.ActiveCfg = Release|Any CPU
		{072417B4-2F00-4B1A-A110-5F2AA87D9ED2}.Release|x64.Build.0 = Release|Any CPU
		{072417B4-2F00-4B1A-A110-5F2AA87D9ED2}.Release|x86.ActiveCfg = Release|Any CPU
		{072417B4-2F00-4B1A-A110-5F2AA87D9ED2}.Release|x86.Build.0 = Release|Any CPU
		{DA74BE88-C835-4015-A12E-F7908E475452}.Debug|Any CPU.ActiveCfg = Debug|Any CPU
		{DA74BE88-C835-4015-A12E-F7908E475452}.Debug|Any CPU.Build.0 = Debug|Any CPU
		{DA74BE88-C835-4015-A12E-F7908E475452}.Debug|x64.ActiveCfg = Debug|Any CPU
		{DA74BE88-C835-4015-A12E-F7908E475452}.Debug|x64.Build.0 = Debug|Any CPU
		{DA74BE88-C835-4015-A12E-F7908E475452}.Debug|x86.ActiveCfg = Debug|Any CPU
		{DA74BE88-C835-4015-A12E-F7908E475452}.Debug|x86.Build.0 = Debug|Any CPU
		{DA74BE88-C835-4015-A12E-F7908E475452}.Release|Any CPU.ActiveCfg = Release|Any CPU
		{DA74BE88-C835-4015-A12E-F7908E475452}.Release|Any CPU.Build.0 = Release|Any CPU
		{DA74BE88-C835-4015-A12E-F7908E475452}.Release|x64.ActiveCfg = Release|Any CPU
		{DA74BE88-C835-4015-A12E-F7908E475452}.Release|x64.Build.0 = Release|Any CPU
		{DA74BE88-C835-4015-A12E-F7908E475452}.Release|x86.ActiveCfg = Release|Any CPU
		{DA74BE88-C835-4015-A12E-F7908E475452}.Release|x86.Build.0 = Release|Any CPU
		{BDA84BE4-C6D9-4D2B-BF05-7BB47C4175D1}.Debug|Any CPU.ActiveCfg = Debug|Any CPU
		{BDA84BE4-C6D9-4D2B-BF05-7BB47C4175D1}.Debug|Any CPU.Build.0 = Debug|Any CPU
		{BDA84BE4-C6D9-4D2B-BF05-7BB47C4175D1}.Debug|x64.ActiveCfg = Debug|Any CPU
		{BDA84BE4-C6D9-4D2B-BF05-7BB47C4175D1}.Debug|x64.Build.0 = Debug|Any CPU
		{BDA84BE4-C6D9-4D2B-BF05-7BB47C4175D1}.Debug|x86.ActiveCfg = Debug|Any CPU
		{BDA84BE4-C6D9-4D2B-BF05-7BB47C4175D1}.Debug|x86.Build.0 = Debug|Any CPU
		{BDA84BE4-C6D9-4D2B-BF05-7BB47C4175D1}.Release|Any CPU.ActiveCfg = Release|Any CPU
		{BDA84BE4-C6D9-4D2B-BF05-7BB47C4175D1}.Release|Any CPU.Build.0 = Release|Any CPU
		{BDA84BE4-C6D9-4D2B-BF05-7BB47C4175D1}.Release|x64.ActiveCfg = Release|Any CPU
		{BDA84BE4-C6D9-4D2B-BF05-7BB47C4175D1}.Release|x64.Build.0 = Release|Any CPU
		{BDA84BE4-C6D9-4D2B-BF05-7BB47C4175D1}.Release|x86.ActiveCfg = Release|Any CPU
		{BDA84BE4-C6D9-4D2B-BF05-7BB47C4175D1}.Release|x86.Build.0 = Release|Any CPU
	EndGlobalSection
	GlobalSection(SolutionProperties) = preSolution
		HideSolutionNode = FALSE
	EndGlobalSection
	GlobalSection(NestedProjects) = preSolution
		{5A359E0C-F752-4A0B-A00F-446CC7AC03FB} = {C836FD18-BEC5-4621-B14B-EFBA2BD504C0}
		{3FCFED17-86C4-4567-8BBB-F5FCA05F2A51} = {FCF4D4B5-B997-498D-A51E-341C96C2208F}
		{E869A03D-CBC4-4FE7-9CB0-BEC80ECA75E7} = {C836FD18-BEC5-4621-B14B-EFBA2BD504C0}
		{8D540E5D-13DE-45B9-AB2F-8E5159A08103} = {C836FD18-BEC5-4621-B14B-EFBA2BD504C0}
		{072417B4-2F00-4B1A-A110-5F2AA87D9ED2} = {FCF4D4B5-B997-498D-A51E-341C96C2208F}
		{DA74BE88-C835-4015-A12E-F7908E475452} = {FCF4D4B5-B997-498D-A51E-341C96C2208F}
		{BDA84BE4-C6D9-4D2B-BF05-7BB47C4175D1} = {FCF4D4B5-B997-498D-A51E-341C96C2208F}
	EndGlobalSection
	GlobalSection(ExtensibilityGlobals) = postSolution
		SolutionGuid = {08236499-0240-40B9-94E6-D75D71A9A368}
	EndGlobalSection
EndGlobal
